{
  "name": "purescript-lru-cache",
  "version": "0.0.0",
  "lockfileVersion": 2,
  "requires": true,
  "packages": {
    "": {
      "name": "purescript-lru-cache",
      "version": "0.0.0",
      "license": "GPL-3.0-or-later",
      "dependencies": {
        "lru-cache": "^7.8.1"
      },
      "devDependencies": {}
    },
    "node_modules/lru-cache": {
      "version": "7.8.1",
      "resolved": "https://registry.npmjs.org/lru-cache/-/lru-cache-7.8.1.tgz",
      "integrity": "sha512-E1v547OCgJvbvevfjgK9sNKIVXO96NnsTsFPBlg4ZxjhsJSODoH9lk8Bm0OxvHNm6Vm5Yqkl/1fErDxhYL8Skg==",
      "engines": {
        "node": ">=12"
      }
    }
  },
  "dependencies": {
    "lru-cache": {
      "version": "7.8.1",
      "resolved": "https://registry.npmjs.org/lru-cache/-/lru-cache-7.8.1.tgz",
      "integrity": "sha512-E1v547OCgJvbvevfjgK9sNKIVXO96NnsTsFPBlg4ZxjhsJSODoH9lk8Bm0OxvHNm6Vm5Yqkl/1fErDxhYL8Skg=="
    }
  }
}
